Microsoft Visual Studio Solution File, Format Version 12.00
# Visual Studio Version 17
VisualStudioVersion = 17.5.2.0
MinimumVisualStudioVersion = 10.0.40219.1
Project("{FAE04EC0-301F-11D3-BF4B-00C04F79EFBC}") = "Archive", "Archive.csproj", "{22CB2E99-C3FA-6525-E80D-5C953F429BB4}"
EndProject
Global
	GlobalSection(SolutionConfigurationPlatforms) = preSolution
		Debug|Any CPU = Debug|Any CPU
		Release|Any CPU = Release|Any CPU
	EndGlobalSection
	GlobalSection(ProjectConfigurationPlatforms) = postSolution
		{22CB2E99-C3FA-6525-E80D-5C953F429BB4}.Debug|Any CPU.ActiveCfg = Debug|Any CPU
		{22CB2E99-C3FA-6525-E80D-5C953F429BB4}.Debug|Any CPU.Build.0 = Debug|Any CPU
		{22CB2E99-C3FA-6525-E80D-5C953F429BB4}.Release|Any CPU.ActiveCfg = Release|Any CPU
		{22CB2E99-C3FA-6525-E80D-5C953F429BB4}.Release|Any CPU.Build.0 = Release|Any CPU
	EndGlobalSection
	GlobalSection(SolutionProperties) = preSolution
		HideSolutionNode = FALSE
	EndGlobalSection
	GlobalSection(ExtensibilityGlobals) = postSolution
		SolutionGuid = {1D14EDDC-EFEC-4B5A-825A-ECCE393FD388}
	EndGlobalSection
EndGlobal
